
Microsoft Visual Studio Solution File, Format Version 12.00
# Visual Studio Version 17
VisualStudioVersion = 17.11.35312.102
MinimumVisualStudioVersion = 10.0.40219.1
Project("{FAE04EC0-301F-11D3-BF4B-00C04F79EFBC}") = "CourseManagementAPI", "CourseManagementAPI\CourseManagementAPI.csproj", "{764F5198-5147-482D-947B-81243E537FD1}"
EndProject
Global
	GlobalSection(SolutionConfigurationPlatforms) = preSolution
		Debug|Any CPU = Debug|Any CPU
		Release|Any CPU = Release|Any CPU
	EndGlobalSection
	GlobalSection(ProjectConfigurationPlatforms) = postSolution
		{764F5198-5147-482D-947B-81243E537FD1}.Debug|Any CPU.ActiveCfg = Debug|Any CPU
		{764F5198-5147-482D-947B-81243E537FD1}.Debug|Any CPU.Build.0 = Debug|Any CPU
		{764F5198-5147-482D-947B-81243E537FD1}.Release|Any CPU.ActiveCfg = Release|Any CPU
		{764F5198-5147-482D-947B-81243E537FD1}.Release|Any CPU.Build.0 = Release|Any CPU
	EndGlobalSection
	GlobalSection(SolutionProperties) = preSolution
		HideSolutionNode = FALSE
	EndGlobalSection
	GlobalSection(ExtensibilityGlobals) = postSolution
		SolutionGuid = {EF18F814-D75C-4562-8ECA-30AFD7632003}
	EndGlobalSection
EndGlobal
